
Microsoft Visual Studio Solution File, Format Version 12.00
# Visual Studio 2017
Project("{FAE04EC0-301F-11D3-BF4B-00C04F79EFBC}") = "GitTutorial", "GitTutorial.csproj", "{D44FBD1A-B287-F1AC-6BCB-59041661AEF1}"
EndProject
Global
	GlobalSection(SolutionConfigurationPlatforms) = preSolution
		Debug|Any CPU = Debug|Any CPU
		Release|Any CPU = Release|Any CPU
	EndGlobalSection
	GlobalSection(ProjectConfigurationPlatforms) = postSolution
		{D44FBD1A-B287-F1AC-6BCB-59041661AEF1}.Debug|Any CPU.ActiveCfg = Debug|Any CPU
		{D44FBD1A-B287-F1AC-6BCB-59041661AEF1}.Debug|Any CPU.Build.0 = Debug|Any CPU
		{D44FBD1A-B287-F1AC-6BCB-59041661AEF1}.Release|Any CPU.ActiveCfg = Release|Any CPU
		{D44FBD1A-B287-F1AC-6BCB-59041661AEF1}.Release|Any CPU.Build.0 = Release|Any CPU
	EndGlobalSection
	GlobalSection(SolutionProperties) = preSolution
		HideSolutionNode = FALSE
	EndGlobalSection
EndGlobal
